
Microsoft Visual Studio Solution File, Format Version 12.00
# Visual Studio Version 16
VisualStudioVersion = 16.0.29209.62
MinimumVisualStudioVersion = 10.0.40219.1
Project("{9A19103F-16F7-4668-BE54-9A1E7A4F7556}") = "FutsalSystem", "FutsalSystem\FutsalSystem.csproj", "{F51E6DA3-5606-4C89-A81C-EA21A3724EFB}"
EndProject
Project("{FAE04EC0-301F-11D3-BF4B-00C04F79EFBC}") = "FutsalTests", "FutsalTests\FutsalTests.csproj", "{1332CF1B-FBA8-4BE6-8301-75152D3D2B75}"
EndProject
Global
	GlobalSection(SolutionConfigurationPlatforms) = preSolution
		Debug|Any CPU = Debug|Any CPU
		Release|Any CPU = Release|Any CPU
	EndGlobalSection
	GlobalSection(ProjectConfigurationPlatforms) = postSolution
		{F51E6DA3-5606-4C89-A81C-EA21A3724EFB}.Debug|Any CPU.ActiveCfg = Debug|Any CPU
		{F51E6DA3-5606-4C89-A81C-EA21A3724EFB}.Debug|Any CPU.Build.0 = Debug|Any CPU
		{F51E6DA3-5606-4C89-A81C-EA21A3724EFB}.Release|Any CPU.ActiveCfg = Release|Any CPU
		{F51E6DA3-5606-4C89-A81C-EA21A3724EFB}.Release|Any CPU.Build.0 = Release|Any CPU
		{1332CF1B-FBA8-4BE6-8301-75152D3D2B75}.Debug|Any CPU.ActiveCfg = Debug|Any CPU
		{1332CF1B-FBA8-4BE6-8301-75152D3D2B75}.Debug|Any CPU.Build.0 = Debug|Any CPU
		{1332CF1B-FBA8-4BE6-8301-75152D3D2B75}.Release|Any CPU.ActiveCfg = Release|Any CPU
		{1332CF1B-FBA8-4BE6-8301-75152D3D2B75}.Release|Any CPU.Build.0 = Release|Any CPU
	EndGlobalSection
	GlobalSection(SolutionProperties) = preSolution
		HideSolutionNode = FALSE
	EndGlobalSection
	GlobalSection(ExtensibilityGlobals) = postSolution
		SolutionGuid = {0CA1A2E5-6D2D-42FE-9D6E-9B7D4AF8AFD0}
	EndGlobalSection
EndGlobal
